// !$*UTF8*$!
{
	archiveVersion = 1;
	classes = {
	};
	objectVersion = 46;
	objects = {

/* Begin PBXBuildFile section */
		B537BC9B1F1401C80064E979 /* MatchesViewController.swift in Sources */ = {isa = PBXBuildFile; fileRef = B545C97A1F13F0A0008F191F /* MatchesViewController.swift */; };
		B545C9681F13F03B008F191F /* AppDelegate.swift in Sources */ = {isa = PBXBuildFile; fileRef = B545C9671F13F03B008F191F /* AppDelegate.swift */; };
		B545C96D1F13F03B008F191F /* Main.storyboard in Resources */ = {isa = PBXBuildFile; fileRef = B545C96B1F13F03B008F191F /* Main.storyboard */; };
		B545C96F1F13F03B008F191F /* Assets.xcassets in Resources */ = {isa = PBXBuildFile; fileRef = B545C96E1F13F03B008F191F /* Assets.xcassets */; };
		B545C9721F13F03B008F191F /* LaunchScreen.storyboard in Resources */ = {isa = PBXBuildFile; fileRef = B545C9701F13F03B008F191F /* LaunchScreen.storyboard */; };
		B545C9901F13F0A0008F191F /* MatchTableViewCell.swift in Sources */ = {isa = PBXBuildFile; fileRef = B545C97C1F13F0A0008F191F /* MatchTableViewCell.swift */; };
		B545C9911F13F0A0008F191F /* MatchTableViewCell.xib in Resources */ = {isa = PBXBuildFile; fileRef = B545C97D1F13F0A0008F191F /* MatchTableViewCell.xib */; };
		B545C9941F13F0A0008F191F /* ArrayExtension.swift in Sources */ = {isa = PBXBuildFile; fileRef = B545C9811F13F0A0008F191F /* ArrayExtension.swift */; };
		B545C9951F13F0A0008F191F /* DateExtensions.swift in Sources */ = {isa = PBXBuildFile; fileRef = B545C9821F13F0A0008F191F /* DateExtensions.swift */; };
		B545C9961F13F0A0008F191F /* StoryboardExtension.swift in Sources */ = {isa = PBXBuildFile; fileRef = B545C9831F13F0A0008F191F /* StoryboardExtension.swift */; };
		B545C9971F13F0A0008F191F /* StringExtension.swift in Sources */ = {isa = PBXBuildFile; fileRef = B545C9841F13F0A0008F191F /* StringExtension.swift */; };
		B545C9981F13F0A0008F191F /* UIBarBUttonItemExtension.swift in Sources */ = {isa = PBXBuildFile; fileRef = B545C9851F13F0A0008F191F /* UIBarBUttonItemExtension.swift */; };
		B545C9991F13F0A0008F191F /* UIColorExtension.swift in Sources */ = {isa = PBXBuildFile; fileRef = B545C9861F13F0A0008F191F /* UIColorExtension.swift */; };
		B545C99A1F13F0A0008F191F /* UIFontExtension.swift in Sources */ = {isa = PBXBuildFile; fileRef = B545C9871F13F0A0008F191F /* UIFontExtension.swift */; };
		B545C99B1F13F0A0008F191F /* UIImageExtension.swift in Sources */ = {isa = PBXBuildFile; fileRef = B545C9881F13F0A0008F191F /* UIImageExtension.swift */; };
		B545C99C1F13F0A0008F191F /* UINavigationControllerExtension.swift in Sources */ = {isa = PBXBuildFile; fileRef = B545C9891F13F0A0008F191F /* UINavigationControllerExtension.swift */; };
		B545C99D1F13F0A0008F191F /* UIStackViewExtension.swift in Sources */ = {isa = PBXBuildFile; fileRef = B545C98A1F13F0A0008F191F /* UIStackViewExtension.swift */; };
		B545C99E1F13F0A0008F191F /* UITableViewCellExtension.swift in Sources */ = {isa = PBXBuildFile; fileRef = B545C98B1F13F0A0008F191F /* UITableViewCellExtension.swift */; };
		B545C99F1F13F0A0008F191F /* UITableViewExtension.swift in Sources */ = {isa = PBXBuildFile; fileRef = B545C98C1F13F0A0008F191F /* UITableViewExtension.swift */; };
		B545C9A01F13F0A0008F191F /* UIViewControllerExtension.swift in Sources */ = {isa = PBXBuildFile; fileRef = B545C98D1F13F0A0008F191F /* UIViewControllerExtension.swift */; };
		B545C9A11F13F0A0008F191F /* UIViewExtension.swift in Sources */ = {isa = PBXBuildFile; fileRef = B545C98E1F13F0A0008F191F /* UIViewExtension.swift */; };
		B545C9A81F13F706008F191F /* Alamofire.framework in Frameworks */ = {isa = PBXBuildFile; fileRef = B545C9A71F13F706008F191F /* Alamofire.framework */; };
		B545C9B71F13FCDC008F191F /* SwiftyJSON.framework in Frameworks */ = {isa = PBXBuildFile; fileRef = B545C9B61F13FCDC008F191F /* SwiftyJSON.framework */; };
		B555F7901F3749520091838A /* Item.swift in Sources */ = {isa = PBXBuildFile; fileRef = B555F78F1F3749520091838A /* Item.swift */; };
		B555F7921F3760390091838A /* EnumExtension.swift in Sources */ = {isa = PBXBuildFile; fileRef = B555F7911F3760390091838A /* EnumExtension.swift */; };
		B555F7951F37613A0091838A /* ItemCollectionViewCell.swift in Sources */ = {isa = PBXBuildFile; fileRef = B555F7931F37613A0091838A /* ItemCollectionViewCell.swift */; };
		B555F7961F37613A0091838A /* ItemCollectionViewCell.xib in Resources */ = {isa = PBXBuildFile; fileRef = B555F7941F37613A0091838A /* ItemCollectionViewCell.xib */; };
		B555F79E1F3767050091838A /* AlamofireImage.framework in Frameworks */ = {isa = PBXBuildFile; fileRef = B555F79D1F3767050091838A /* AlamofireImage.framework */; };
		B555F7A11F376F820091838A /* UsedItemTableViewCell.swift in Sources */ = {isa = PBXBuildFile; fileRef = B555F79F1F376F820091838A /* UsedItemTableViewCell.swift */; };
		B555F7A21F376F820091838A /* UsedItemTableViewCell.xib in Resources */ = {isa = PBXBuildFile; fileRef = B555F7A01F376F820091838A /* UsedItemTableViewCell.xib */; };
		B555F7A51F385C840091838A /* HeaderTableViewCell.swift in Sources */ = {isa = PBXBuildFile; fileRef = B555F7A31F385C840091838A /* HeaderTableViewCell.swift */; };
		B555F7A61F385C840091838A /* HeaderTableViewCell.xib in Resources */ = {isa = PBXBuildFile; fileRef = B555F7A41F385C840091838A /* HeaderTableViewCell.xib */; };
		B555F7A81F3871DD0091838A /* Action.swift in Sources */ = {isa = PBXBuildFile; fileRef = B555F7A71F3871DD0091838A /* Action.swift */; };
		B555F7AA1F3872130091838A /* Actor.swift in Sources */ = {isa = PBXBuildFile; fileRef = B555F7A91F3872130091838A /* Actor.swift */; };
		B555F7AC1F3872C20091838A /* Skin.swift in Sources */ = {isa = PBXBuildFile; fileRef = B555F7AB1F3872C20091838A /* Skin.swift */; };
		B555F7B01F389AA40091838A /* Position.swift in Sources */ = {isa = PBXBuildFile; fileRef = B555F7AF1F389AA40091838A /* Position.swift */; };
		B555F7B21F38A0530091838A /* Ability.swift in Sources */ = {isa = PBXBuildFile; fileRef = B555F7B11F38A0530091838A /* Ability.swift */; };
		B555F7B61F38CE860091838A /* Asset.swift in Sources */ = {isa = PBXBuildFile; fileRef = B555F7B51F38CE860091838A /* Asset.swift */; };
		B55F20D11F36872E00770410 /* RosterTableViewCell.swift in Sources */ = {isa = PBXBuildFile; fileRef = B55F20CF1F36872E00770410 /* RosterTableViewCell.swift */; };
		B55F20D21F36872E00770410 /* RosterTableViewCell.xib in Resources */ = {isa = PBXBuildFile; fileRef = B55F20D01F36872E00770410 /* RosterTableViewCell.xib */; };
		B55F20D61F368C8600770410 /* ParticipantTableViewCell.xib in Resources */ = {isa = PBXBuildFile; fileRef = B55F20D41F368C8600770410 /* ParticipantTableViewCell.xib */; };
		B55F20D81F369BE000770410 /* ParticipantDetailViewController.swift in Sources */ = {isa = PBXBuildFile; fileRef = B55F20D71F369BE000770410 /* ParticipantDetailViewController.swift */; };
		B55F20E11F36A27700770410 /* PlayerTableViewCell.swift in Sources */ = {isa = PBXBuildFile; fileRef = B55F20DF1F36A27700770410 /* PlayerTableViewCell.swift */; };
		B55F20E21F36A27700770410 /* PlayerTableViewCell.xib in Resources */ = {isa = PBXBuildFile; fileRef = B55F20E01F36A27700770410 /* PlayerTableViewCell.xib */; };
		B55F20E41F36BC6700770410 /* Catche.swift in Sources */ = {isa = PBXBuildFile; fileRef = B55F20E31F36BC6700770410 /* Catche.swift */; };
		B55F20E81F371B9F00770410 /* Fabric.framework in Frameworks */ = {isa = PBXBuildFile; fileRef = B55F20E61F371B9F00770410 /* Fabric.framework */; };
		B55F20E91F371B9F00770410 /* Crashlytics.framework in Frameworks */ = {isa = PBXBuildFile; fileRef = B55F20E71F371B9F00770410 /* Crashlytics.framework */; };
		B56CA9C61F38F3CF00BBF645 /* ParticipantTableViewCell.swift in Sources */ = {isa = PBXBuildFile; fileRef = B56CA9C51F38F3CF00BBF645 /* ParticipantTableViewCell.swift */; };
		B5890A421F3617750046C18B /* ErrorService.swift in Sources */ = {isa = PBXBuildFile; fileRef = B5890A401F3617750046C18B /* ErrorService.swift */; };
		B5890A431F3617750046C18B /* NetworkObserver.swift in Sources */ = {isa = PBXBuildFile; fileRef = B5890A411F3617750046C18B /* NetworkObserver.swift */; };
		B5890A481F361E6C0046C18B /* TGColors.swift in Sources */ = {isa = PBXBuildFile; fileRef = B5890A471F361E6C0046C18B /* TGColors.swift */; };
		B5890A4A1F3622360046C18B /* OperationsExtension.swift in Sources */ = {isa = PBXBuildFile; fileRef = B5890A491F3622360046C18B /* OperationsExtension.swift */; };
		B5890A4E1F3622C40046C18B /* AppConfig.swift in Sources */ = {isa = PBXBuildFile; fileRef = B5890A4D1F3622C40046C18B /* AppConfig.swift */; };
		B5890A501F362E900046C18B /* PSOperations.framework in Frameworks */ = {isa = PBXBuildFile; fileRef = B5890A4F1F362E900046C18B /* PSOperations.framework */; };
		B5890A521F362EA00046C18B /* Whisper.framework in Frameworks */ = {isa = PBXBuildFile; fileRef = B5890A511F362EA00046C18B /* Whisper.framework */; };
		B5890A541F36301B0046C18B /* TGDates.swift in Sources */ = {isa = PBXBuildFile; fileRef = B5890A531F36301B0046C18B /* TGDates.swift */; };
		B5890A561F3637980046C18B /* NumberExtension.swift in Sources */ = {isa = PBXBuildFile; fileRef = B5890A551F3637980046C18B /* NumberExtension.swift */; };
		B5890A581F3641E50046C18B /* Participant.swift in Sources */ = {isa = PBXBuildFile; fileRef = B5890A571F3641E50046C18B /* Participant.swift */; };
		B5890A5A1F3642FE0046C18B /* Player.swift in Sources */ = {isa = PBXBuildFile; fileRef = B5890A591F3642FE0046C18B /* Player.swift */; };
		B5890A5C1F3679D60046C18B /* ViewController.swift in Sources */ = {isa = PBXBuildFile; fileRef = B5890A5B1F3679D60046C18B /* ViewController.swift */; };
		B5890A5F1F3679DE0046C18B /* APIManager.swift in Sources */ = {isa = PBXBuildFile; fileRef = B5890A5D1F3679DE0046C18B /* APIManager.swift */; };
		B5890A601F3679DE0046C18B /* Router.swift in Sources */ = {isa = PBXBuildFile; fileRef = B5890A5E1F3679DE0046C18B /* Router.swift */; };
		B5890A621F3679E70046C18B /* Constants.swift in Sources */ = {isa = PBXBuildFile; fileRef = B5890A611F3679E70046C18B /* Constants.swift */; };
		B58AF60A1F3683C100E2F4BA /* RostersViewController.swift in Sources */ = {isa = PBXBuildFile; fileRef = B58AF6091F3683C100E2F4BA /* RostersViewController.swift */; };
		B5A91F681F2FC1C600C1B512 /* Hero.framework in Frameworks */ = {isa = PBXBuildFile; fileRef = B5A91F671F2FC1C600C1B512 /* Hero.framework */; };
		B5CBCB711F16BD250060E2C1 /* RosterView.xib in Resources */ = {isa = PBXBuildFile; fileRef = B5CBCB701F16BD250060E2C1 /* RosterView.xib */; };
		B5CBCB741F16D3560060E2C1 /* JSONModelTableViewCell.swift in Sources */ = {isa = PBXBuildFile; fileRef = B5CBCB721F16D3560060E2C1 /* JSONModelTableViewCell.swift */; };
		B5CBCB751F16D3560060E2C1 /* JSONModelTableViewCell.xib in Resources */ = {isa = PBXBuildFile; fileRef = B5CBCB731F16D3560060E2C1 /* JSONModelTableViewCell.xib */; };
		B5CBCB7A1F1741460060E2C1 /* Model.swift in Sources */ = {isa = PBXBuildFile; fileRef = B5CBCB761F1741460060E2C1 /* Model.swift */; };
		B5CBCB7B1F1741460060E2C1 /* Match.swift in Sources */ = {isa = PBXBuildFile; fileRef = B5CBCB771F1741460060E2C1 /* Match.swift */; };
		B5CBCB7C1F1741460060E2C1 /* Roster.swift in Sources */ = {isa = PBXBuildFile; fileRef = B5CBCB781F1741460060E2C1 /* Roster.swift */; };
		B5CBCB7D1F1741460060E2C1 /* PrimaryData.swift in Sources */ = {isa = PBXBuildFile; fileRef = B5CBCB791F1741460060E2C1 /* PrimaryData.swift */; };
		B5E6094D1F1957FF001D4D58 /* TableViewController.swift in Sources */ = {isa = PBXBuildFile; fileRef = B5E6094C1F1957FF001D4D58 /* TableViewController.swift */; };
		B5E6094F1F196085001D4D58 /* NibLoadingView.swift in Sources */ = {isa = PBXBuildFile; fileRef = B5E6094E1F196085001D4D58 /* NibLoadingView.swift */; };
		B5E609511F1960EA001D4D58 /* RosterView.swift in Sources */ = {isa = PBXBuildFile; fileRef = B5E609501F1960EA001D4D58 /* RosterView.swift */; };
		B5F841181F3F0F3A00212E8A /* ParticipantCell.swift in Sources */ = {isa = PBXBuildFile; fileRef = B5F841161F3F0F3A00212E8A /* ParticipantCell.swift */; };
		B5F841191F3F0F3A00212E8A /* ParticipantCell.xib in Resources */ = {isa = PBXBuildFile; fileRef = B5F841171F3F0F3A00212E8A /* ParticipantCell.xib */; };
		B5F8411B1F3F56D600212E8A /* ScrollableGraphView.framework in Frameworks */ = {isa = PBXBuildFile; fileRef = B5F8411A1F3F56D600212E8A /* ScrollableGraphView.framework */; };
		B5F8411D1F3F571600212E8A /* GraphViewController.swift in Sources */ = {isa = PBXBuildFile; fileRef = B5F8411C1F3F571600212E8A /* GraphViewController.swift */; };
		B5F8411F1F3F68BB00212E8A /* Charts.framework in Frameworks */ = {isa = PBXBuildFile; fileRef = B5F8411E1F3F68BB00212E8A /* Charts.framework */; };
		B5F841211F3F93B100212E8A /* Side.swift in Sources */ = {isa = PBXBuildFile; fileRef = B5F841201F3F93B100212E8A /* Side.swift */; };
		B5F841231F40799E00212E8A /* HeroSwap.swift in Sources */ = {isa = PBXBuildFile; fileRef = B5F841221F40799E00212E8A /* HeroSwap.swift */; };
/* End PBXBuildFile section */

/* Begin PBXFileReference section */
		B545C9641F13F03B008F191F /* TG.app */ = {isa = PBXFileReference; explicitFileType = wrapper.application; includeInIndex = 0; path = TG.app; sourceTree = BUILT_PRODUCTS_DIR; };
		B545C9671F13F03B008F191F /* AppDelegate.swift */ = {isa = PBXFileReference; lastKnownFileType = sourcecode.swift; path = AppDelegate.swift; sourceTree = "<group>"; };
		B545C96C1F13F03B008F191F /* Base */ = {isa = PBXFileReference; lastKnownFileType = file.storyboard; name = Base; path = Base.lproj/Main.storyboard; sourceTree = "<group>"; };
		B545C96E1F13F03B008F191F /* Assets.xcassets */ = {isa = PBXFileReference; lastKnownFileType = folder.assetcatalog; path = Assets.xcassets; sourceTree = "<group>"; };
		B545C9711F13F03B008F191F /* Base */ = {isa = PBXFileReference; lastKnownFileType = file.storyboard; name = Base; path = Base.lproj/LaunchScreen.storyboard; sourceTree = "<group>"; };
		B545C9731F13F03B008F191F /* Info.plist */ = {isa = PBXFileReference; lastKnownFileType = text.plist.xml; path = Info.plist; sourceTree = "<group>"; };
		B545C97A1F13F0A0008F191F /* MatchesViewController.swift */ = {isa = PBXFileReference; fileEncoding = 4; lastKnownFileType = sourcecode.swift; path = MatchesViewController.swift; sourceTree = "<group>"; };
		B545C97C1F13F0A0008F191F /* MatchTableViewCell.swift */ = {isa = PBXFileReference; fileEncoding = 4; lastKnownFileType = sourcecode.swift; path = MatchTableViewCell.swift; sourceTree = "<group>"; };
		B545C97D1F13F0A0008F191F /* MatchTableViewCell.xib */ = {isa = PBXFileReference; fileEncoding = 4; lastKnownFileType = file.xib; path = MatchTableViewCell.xib; sourceTree = "<group>"; };
		B545C9811F13F0A0008F191F /* ArrayExtension.swift */ = {isa = PBXFileReference; fileEncoding = 4; lastKnownFileType = sourcecode.swift; path = ArrayExtension.swift; sourceTree = "<group>"; };
		B545C9821F13F0A0008F191F /* DateExtensions.swift */ = {isa = PBXFileReference; fileEncoding = 4; lastKnownFileType = sourcecode.swift; path = DateExtensions.swift; sourceTree = "<group>"; };
		B545C9831F13F0A0008F191F /* StoryboardExtension.swift */ = {isa = PBXFileReference; fileEncoding = 4; lastKnownFileType = sourcecode.swift; path = StoryboardExtension.swift; sourceTree = "<group>"; };
		B545C9841F13F0A0008F191F /* StringExtension.swift */ = {isa = PBXFileReference; fileEncoding = 4; lastKnownFileType = sourcecode.swift; path = StringExtension.swift; sourceTree = "<group>"; };
		B545C9851F13F0A0008F191F /* UIBarBUttonItemExtension.swift */ = {isa = PBXFileReference; fileEncoding = 4; lastKnownFileType = sourcecode.swift; path = UIBarBUttonItemExtension.swift; sourceTree = "<group>"; };
		B545C9861F13F0A0008F191F /* UIColorExtension.swift */ = {isa = PBXFileReference; fileEncoding = 4; lastKnownFileType = sourcecode.swift; path = UIColorExtension.swift; sourceTree = "<group>"; };
		B545C9871F13F0A0008F191F /* UIFontExtension.swift */ = {isa = PBXFileReference; fileEncoding = 4; lastKnownFileType = sourcecode.swift; path = UIFontExtension.swift; sourceTree = "<group>"; };
		B545C9881F13F0A0008F191F /* UIImageExtension.swift */ = {isa = PBXFileReference; fileEncoding = 4; lastKnownFileType = sourcecode.swift; path = UIImageExtension.swift; sourceTree = "<group>"; };
		B545C9891F13F0A0008F191F /* UINavigationControllerExtension.swift */ = {isa = PBXFileReference; fileEncoding = 4; lastKnownFileType = sourcecode.swift; path = UINavigationControllerExtension.swift; sourceTree = "<group>"; };
		B545C98A1F13F0A0008F191F /* UIStackViewExtension.swift */ = {isa = PBXFileReference; fileEncoding = 4; lastKnownFileType = sourcecode.swift; path = UIStackViewExtension.swift; sourceTree = "<group>"; };
		B545C98B1F13F0A0008F191F /* UITableViewCellExtension.swift */ = {isa = PBXFileReference; fileEncoding = 4; lastKnownFileType = sourcecode.swift; path = UITableViewCellExtension.swift; sourceTree = "<group>"; };
		B545C98C1F13F0A0008F191F /* UITableViewExtension.swift */ = {isa = PBXFileReference; fileEncoding = 4; lastKnownFileType = sourcecode.swift; path = UITableViewExtension.swift; sourceTree = "<group>"; };
		B545C98D1F13F0A0008F191F /* UIViewControllerExtension.swift */ = {isa = PBXFileReference; fileEncoding = 4; lastKnownFileType = sourcecode.swift; path = UIViewControllerExtension.swift; sourceTree = "<group>"; };
		B545C98E1F13F0A0008F191F /* UIViewExtension.swift */ = {isa = PBXFileReference; fileEncoding = 4; lastKnownFileType = sourcecode.swift; path = UIViewExtension.swift; sourceTree = "<group>"; };
		B545C9A71F13F706008F191F /* Alamofire.framework */ = {isa = PBXFileReference; lastKnownFileType = wrapper.framework; name = Alamofire.framework; path = Carthage/Build/iOS/Alamofire.framework; sourceTree = "<group>"; };
		B545C9B61F13FCDC008F191F /* SwiftyJSON.framework */ = {isa = PBXFileReference; lastKnownFileType = wrapper.framework; name = SwiftyJSON.framework; path = Carthage/Build/iOS/SwiftyJSON.framework; sourceTree = "<group>"; };
		B555F78F1F3749520091838A /* Item.swift */ = {isa = PBXFileReference; fileEncoding = 4; lastKnownFileType = sourcecode.swift; path = Item.swift; sourceTree = "<group>"; };
		B555F7911F3760390091838A /* EnumExtension.swift */ = {isa = PBXFileReference; fileEncoding = 4; lastKnownFileType = sourcecode.swift; name = EnumExtension.swift; path = TG/EnumExtension.swift; sourceTree = SOURCE_ROOT; };
		B555F7931F37613A0091838A /* ItemCollectionViewCell.swift */ = {isa = PBXFileReference; fileEncoding = 4; lastKnownFileType = sourcecode.swift; path = ItemCollectionViewCell.swift; sourceTree = "<group>"; };
		B555F7941F37613A0091838A /* ItemCollectionViewCell.xib */ = {isa = PBXFileReference; fileEncoding = 4; lastKnownFileType = file.xib; path = ItemCollectionViewCell.xib; sourceTree = "<group>"; };
		B555F79D1F3767050091838A /* AlamofireImage.framework */ = {isa = PBXFileReference; lastKnownFileType = wrapper.framework; name = AlamofireImage.framework; path = Carthage/Build/iOS/AlamofireImage.framework; sourceTree = "<group>"; };
		B555F79F1F376F820091838A /* UsedItemTableViewCell.swift */ = {isa = PBXFileReference; fileEncoding = 4; lastKnownFileType = sourcecode.swift; path = UsedItemTableViewCell.swift; sourceTree = "<group>"; };
		B555F7A01F376F820091838A /* UsedItemTableViewCell.xib */ = {isa = PBXFileReference; fileEncoding = 4; lastKnownFileType = file.xib; path = UsedItemTableViewCell.xib; sourceTree = "<group>"; };
		B555F7A31F385C840091838A /* HeaderTableViewCell.swift */ = {isa = PBXFileReference; fileEncoding = 4; lastKnownFileType = sourcecode.swift; path = HeaderTableViewCell.swift; sourceTree = "<group>"; };
		B555F7A41F385C840091838A /* HeaderTableViewCell.xib */ = {isa = PBXFileReference; fileEncoding = 4; lastKnownFileType = file.xib; path = HeaderTableViewCell.xib; sourceTree = "<group>"; };
		B555F7A71F3871DD0091838A /* Action.swift */ = {isa = PBXFileReference; fileEncoding = 4; lastKnownFileType = sourcecode.swift; path = Action.swift; sourceTree = "<group>"; };
		B555F7A91F3872130091838A /* Actor.swift */ = {isa = PBXFileReference; fileEncoding = 4; lastKnownFileType = sourcecode.swift; path = Actor.swift; sourceTree = "<group>"; };
		B555F7AB1F3872C20091838A /* Skin.swift */ = {isa = PBXFileReference; fileEncoding = 4; lastKnownFileType = sourcecode.swift; path = Skin.swift; sourceTree = "<group>"; };
		B555F7AF1F389AA40091838A /* Position.swift */ = {isa = PBXFileReference; fileEncoding = 4; lastKnownFileType = sourcecode.swift; path = Position.swift; sourceTree = "<group>"; };
		B555F7B11F38A0530091838A /* Ability.swift */ = {isa = PBXFileReference; fileEncoding = 4; lastKnownFileType = sourcecode.swift; path = Ability.swift; sourceTree = "<group>"; };
		B555F7B51F38CE860091838A /* Asset.swift */ = {isa = PBXFileReference; fileEncoding = 4; lastKnownFileType = sourcecode.swift; path = Asset.swift; sourceTree = "<group>"; };
		B55F20CF1F36872E00770410 /* RosterTableViewCell.swift */ = {isa = PBXFileReference; fileEncoding = 4; lastKnownFileType = sourcecode.swift; path = RosterTableViewCell.swift; sourceTree = "<group>"; };
		B55F20D01F36872E00770410 /* RosterTableViewCell.xib */ = {isa = PBXFileReference; fileEncoding = 4; lastKnownFileType = file.xib; path = RosterTableViewCell.xib; sourceTree = "<group>"; };
		B55F20D41F368C8600770410 /* ParticipantTableViewCell.xib */ = {isa = PBXFileReference; fileEncoding = 4; lastKnownFileType = file.xib; path = ParticipantTableViewCell.xib; sourceTree = "<group>"; };
		B55F20D71F369BE000770410 /* ParticipantDetailViewController.swift */ = {isa = PBXFileReference; fileEncoding = 4; lastKnownFileType = sourcecode.swift; path = ParticipantDetailViewController.swift; sourceTree = "<group>"; };
		B55F20DF1F36A27700770410 /* PlayerTableViewCell.swift */ = {isa = PBXFileReference; fileEncoding = 4; lastKnownFileType = sourcecode.swift; path = PlayerTableViewCell.swift; sourceTree = "<group>"; };
		B55F20E01F36A27700770410 /* PlayerTableViewCell.xib */ = {isa = PBXFileReference; fileEncoding = 4; lastKnownFileType = file.xib; path = PlayerTableViewCell.xib; sourceTree = "<group>"; };
		B55F20E31F36BC6700770410 /* Catche.swift */ = {isa = PBXFileReference; fileEncoding = 4; lastKnownFileType = sourcecode.swift; path = Catche.swift; sourceTree = "<group>"; };
		B55F20E61F371B9F00770410 /* Fabric.framework */ = {isa = PBXFileReference; lastKnownFileType = wrapper.framework; path = Fabric.framework; sourceTree = "<group>"; };
		B55F20E71F371B9F00770410 /* Crashlytics.framework */ = {isa = PBXFileReference; lastKnownFileType = wrapper.framework; path = Crashlytics.framework; sourceTree = "<group>"; };
		B55F20EA1F371CAE00770410 /* TG.entitlements */ = {isa = PBXFileReference; lastKnownFileType = text.plist.entitlements; path = TG.entitlements; sourceTree = "<group>"; };
		B56CA9C51F38F3CF00BBF645 /* ParticipantTableViewCell.swift */ = {isa = PBXFileReference; fileEncoding = 4; lastKnownFileType = sourcecode.swift; path = ParticipantTableViewCell.swift; sourceTree = "<group>"; };
		B5890A401F3617750046C18B /* ErrorService.swift */ = {isa = PBXFileReference; fileEncoding = 4; lastKnownFileType = sourcecode.swift; path = ErrorService.swift; sourceTree = "<group>"; };
		B5890A411F3617750046C18B /* NetworkObserver.swift */ = {isa = PBXFileReference; fileEncoding = 4; lastKnownFileType = sourcecode.swift; path = NetworkObserver.swift; sourceTree = "<group>"; };
		B5890A471F361E6C0046C18B /* TGColors.swift */ = {isa = PBXFileReference; fileEncoding = 4; lastKnownFileType = sourcecode.swift; path = TGColors.swift; sourceTree = "<group>"; };
		B5890A491F3622360046C18B /* OperationsExtension.swift */ = {isa = PBXFileReference; fileEncoding = 4; lastKnownFileType = sourcecode.swift; path = OperationsExtension.swift; sourceTree = "<group>"; };
		B5890A4D1F3622C40046C18B /* AppConfig.swift */ = {isa = PBXFileReference; fileEncoding = 4; lastKnownFileType = sourcecode.swift; path = AppConfig.swift; sourceTree = "<group>"; };
		B5890A4F1F362E900046C18B /* PSOperations.framework */ = {isa = PBXFileReference; lastKnownFileType = wrapper.framework; name = PSOperations.framework; path = Carthage/Build/iOS/PSOperations.framework; sourceTree = "<group>"; };
		B5890A511F362EA00046C18B /* Whisper.framework */ = {isa = PBXFileReference; lastKnownFileType = wrapper.framework; name = Whisper.framework; path = Carthage/Build/iOS/Whisper.framework; sourceTree = "<group>"; };
		B5890A531F36301B0046C18B /* TGDates.swift */ = {isa = PBXFileReference; fileEncoding = 4; lastKnownFileType = sourcecode.swift; path = TGDates.swift; sourceTree = "<group>"; };
		B5890A551F3637980046C18B /* NumberExtension.swift */ = {isa = PBXFileReference; fileEncoding = 4; lastKnownFileType = sourcecode.swift; path = NumberExtension.swift; sourceTree = "<group>"; };
		B5890A571F3641E50046C18B /* Participant.swift */ = {isa = PBXFileReference; fileEncoding = 4; lastKnownFileType = sourcecode.swift; path = Participant.swift; sourceTree = "<group>"; };
		B5890A591F3642FE0046C18B /* Player.swift */ = {isa = PBXFileReference; fileEncoding = 4; lastKnownFileType = sourcecode.swift; path = Player.swift; sourceTree = "<group>"; };
		B5890A5B1F3679D60046C18B /* ViewController.swift */ = {isa = PBXFileReference; fileEncoding = 4; lastKnownFileType = sourcecode.swift; path = ViewController.swift; sourceTree = "<group>"; };
		B5890A5D1F3679DE0046C18B /* APIManager.swift */ = {isa = PBXFileReference; fileEncoding = 4; lastKnownFileType = sourcecode.swift; path = APIManager.swift; sourceTree = "<group>"; };
		B5890A5E1F3679DE0046C18B /* Router.swift */ = {isa = PBXFileReference; fileEncoding = 4; lastKnownFileType = sourcecode.swift; path = Router.swift; sourceTree = "<group>"; };
		B5890A611F3679E70046C18B /* Constants.swift */ = {isa = PBXFileReference; fileEncoding = 4; lastKnownFileType = sourcecode.swift; path = Constants.swift; sourceTree = "<group>"; };
		B58AF6091F3683C100E2F4BA /* RostersViewController.swift */ = {isa = PBXFileReference; fileEncoding = 4; lastKnownFileType = sourcecode.swift; path = RostersViewController.swift; sourceTree = "<group>"; };
		B5A91F671F2FC1C600C1B512 /* Hero.framework */ = {isa = PBXFileReference; lastKnownFileType = wrapper.framework; name = Hero.framework; path = Carthage/Build/iOS/Hero.framework; sourceTree = "<group>"; };
		B5CBCB701F16BD250060E2C1 /* RosterView.xib */ = {isa = PBXFileReference; fileEncoding = 4; lastKnownFileType = file.xib; path = RosterView.xib; sourceTree = "<group>"; };
		B5CBCB721F16D3560060E2C1 /* JSONModelTableViewCell.swift */ = {isa = PBXFileReference; fileEncoding = 4; lastKnownFileType = sourcecode.swift; path = JSONModelTableViewCell.swift; sourceTree = "<group>"; };
		B5CBCB731F16D3560060E2C1 /* JSONModelTableViewCell.xib */ = {isa = PBXFileReference; fileEncoding = 4; lastKnownFileType = file.xib; path = JSONModelTableViewCell.xib; sourceTree = "<group>"; };
		B5CBCB761F1741460060E2C1 /* Model.swift */ = {isa = PBXFileReference; fileEncoding = 4; lastKnownFileType = sourcecode.swift; path = Model.swift; sourceTree = "<group>"; };
		B5CBCB771F1741460060E2C1 /* Match.swift */ = {isa = PBXFileReference; fileEncoding = 4; lastKnownFileType = sourcecode.swift; path = Match.swift; sourceTree = "<group>"; };
		B5CBCB781F1741460060E2C1 /* Roster.swift */ = {isa = PBXFileReference; fileEncoding = 4; lastKnownFileType = sourcecode.swift; path = Roster.swift; sourceTree = "<group>"; };
		B5CBCB791F1741460060E2C1 /* PrimaryData.swift */ = {isa = PBXFileReference; fileEncoding = 4; lastKnownFileType = sourcecode.swift; path = PrimaryData.swift; sourceTree = "<group>"; };
		B5E6094C1F1957FF001D4D58 /* TableViewController.swift */ = {isa = PBXFileReference; fileEncoding = 4; lastKnownFileType = sourcecode.swift; path = TableViewController.swift; sourceTree = "<group>"; };
		B5E6094E1F196085001D4D58 /* NibLoadingView.swift */ = {isa = PBXFileReference; fileEncoding = 4; lastKnownFileType = sourcecode.swift; path = NibLoadingView.swift; sourceTree = "<group>"; };
		B5E609501F1960EA001D4D58 /* RosterView.swift */ = {isa = PBXFileReference; fileEncoding = 4; lastKnownFileType = sourcecode.swift; path = RosterView.swift; sourceTree = "<group>"; };
		B5F841161F3F0F3A00212E8A /* ParticipantCell.swift */ = {isa = PBXFileReference; fileEncoding = 4; lastKnownFileType = sourcecode.swift; path = ParticipantCell.swift; sourceTree = "<group>"; };
		B5F841171F3F0F3A00212E8A /* ParticipantCell.xib */ = {isa = PBXFileReference; fileEncoding = 4; lastKnownFileType = file.xib; path = ParticipantCell.xib; sourceTree = "<group>"; };
		B5F8411A1F3F56D600212E8A /* ScrollableGraphView.framework */ = {isa = PBXFileReference; lastKnownFileType = wrapper.framework; name = ScrollableGraphView.framework; path = Carthage/Build/iOS/ScrollableGraphView.framework; sourceTree = "<group>"; };
		B5F8411C1F3F571600212E8A /* GraphViewController.swift */ = {isa = PBXFileReference; fileEncoding = 4; lastKnownFileType = sourcecode.swift; path = GraphViewController.swift; sourceTree = "<group>"; };
		B5F8411E1F3F68BB00212E8A /* Charts.framework */ = {isa = PBXFileReference; lastKnownFileType = wrapper.framework; name = Charts.framework; path = Carthage/Build/iOS/Charts.framework; sourceTree = "<group>"; };
		B5F841201F3F93B100212E8A /* Side.swift */ = {isa = PBXFileReference; fileEncoding = 4; lastKnownFileType = sourcecode.swift; path = Side.swift; sourceTree = "<group>"; };
		B5F841221F40799E00212E8A /* HeroSwap.swift */ = {isa = PBXFileReference; fileEncoding = 4; lastKnownFileType = sourcecode.swift; path = HeroSwap.swift; sourceTree = "<group>"; };
/* End PBXFileReference section */

/* Begin PBXFrameworksBuildPhase section */
		B545C9611F13F03B008F191F /* Frameworks */ = {
			isa = PBXFrameworksBuildPhase;
			buildActionMask = 2147483647;
			files = (
				B5F8411F1F3F68BB00212E8A /* Charts.framework in Frameworks */,
				B5F8411B1F3F56D600212E8A /* ScrollableGraphView.framework in Frameworks */,
				B555F79E1F3767050091838A /* AlamofireImage.framework in Frameworks */,
				B5890A521F362EA00046C18B /* Whisper.framework in Frameworks */,
				B5890A501F362E900046C18B /* PSOperations.framework in Frameworks */,
				B5A91F681F2FC1C600C1B512 /* Hero.framework in Frameworks */,
				B545C9B71F13FCDC008F191F /* SwiftyJSON.framework in Frameworks */,
				B545C9A81F13F706008F191F /* Alamofire.framework in Frameworks */,
				B55F20E81F371B9F00770410 /* Fabric.framework in Frameworks */,
				B55F20E91F371B9F00770410 /* Crashlytics.framework in Frameworks */,
			);
			runOnlyForDeploymentPostprocessing = 0;
		};
/* End PBXFrameworksBuildPhase section */

/* Begin PBXGroup section */
		B545C95B1F13F03B008F191F = {
			isa = PBXGroup;
			children = (
				B545C9661F13F03B008F191F /* TG */,
				B545C9651F13F03B008F191F /* Products */,
				B545C9A21F13F24E008F191F /* Frameworks */,
			);
			sourceTree = "<group>";
		};
		B545C9651F13F03B008F191F /* Products */ = {
			isa = PBXGroup;
			children = (
				B545C9641F13F03B008F191F /* TG.app */,
			);
			name = Products;
			sourceTree = "<group>";
		};
		B545C9661F13F03B008F191F /* TG */ = {
			isa = PBXGroup;
			children = (
				B55F20EA1F371CAE00770410 /* TG.entitlements */,
				B5890A461F361E620046C18B /* Configuration */,
				B5890A3F1F3617750046C18B /* Networking */,
				B545C9AA1F13F911008F191F /* Models */,
				B545C9791F13F0A0008F191F /* Controllers */,
				B545C97B1F13F0A0008F191F /* Views */,
				B545C9801F13F0A0008F191F /* Extensions */,
				B545C9671F13F03B008F191F /* AppDelegate.swift */,
				B545C96B1F13F03B008F191F /* Main.storyboard */,
				B545C96E1F13F03B008F191F /* Assets.xcassets */,
				B545C9701F13F03B008F191F /* LaunchScreen.storyboard */,
				B545C9731F13F03B008F191F /* Info.plist */,
			);
			path = TG;
			sourceTree = "<group>";
		};
		B545C9791F13F0A0008F191F /* Controllers */ = {
			isa = PBXGroup;
			children = (
				B5890A5B1F3679D60046C18B /* ViewController.swift */,
				B545C97A1F13F0A0008F191F /* MatchesViewController.swift */,
				B58AF6091F3683C100E2F4BA /* RostersViewController.swift */,
				B55F20D71F369BE000770410 /* ParticipantDetailViewController.swift */,
				B5E6094C1F1957FF001D4D58 /* TableViewController.swift */,
				B5F8411C1F3F571600212E8A /* GraphViewController.swift */,
			);
			path = Controllers;
			sourceTree = "<group>";
		};
		B545C97B1F13F0A0008F191F /* Views */ = {
			isa = PBXGroup;
			children = (
				B545C97C1F13F0A0008F191F /* MatchTableViewCell.swift */,
				B545C97D1F13F0A0008F191F /* MatchTableViewCell.xib */,
				B5CBCB701F16BD250060E2C1 /* RosterView.xib */,
				B5E609501F1960EA001D4D58 /* RosterView.swift */,
				B5CBCB721F16D3560060E2C1 /* JSONModelTableViewCell.swift */,
				B5CBCB731F16D3560060E2C1 /* JSONModelTableViewCell.xib */,
				B5E6094E1F196085001D4D58 /* NibLoadingView.swift */,
				B55F20CF1F36872E00770410 /* RosterTableViewCell.swift */,
				B55F20D01F36872E00770410 /* RosterTableViewCell.xib */,
				B56CA9C51F38F3CF00BBF645 /* ParticipantTableViewCell.swift */,
				B55F20D41F368C8600770410 /* ParticipantTableViewCell.xib */,
				B5F841161F3F0F3A00212E8A /* ParticipantCell.swift */,
				B5F841171F3F0F3A00212E8A /* ParticipantCell.xib */,
				B55F20DF1F36A27700770410 /* PlayerTableViewCell.swift */,
				B55F20E01F36A27700770410 /* PlayerTableViewCell.xib */,
				B555F7931F37613A0091838A /* ItemCollectionViewCell.swift */,
				B555F7941F37613A0091838A /* ItemCollectionViewCell.xib */,
				B555F79F1F376F820091838A /* UsedItemTableViewCell.swift */,
				B555F7A01F376F820091838A /* UsedItemTableViewCell.xib */,
				B555F7A31F385C840091838A /* HeaderTableViewCell.swift */,
				B555F7A41F385C840091838A /* HeaderTableViewCell.xib */,
			);
			path = Views;
			sourceTree = "<group>";
		};
		B545C9801F13F0A0008F191F /* Extensions */ = {
			isa = PBXGroup;
			children = (
				B545C9811F13F0A0008F191F /* ArrayExtension.swift */,
				B545C9821F13F0A0008F191F /* DateExtensions.swift */,
				B545C9831F13F0A0008F191F /* StoryboardExtension.swift */,
				B545C9841F13F0A0008F191F /* StringExtension.swift */,
				B5890A551F3637980046C18B /* NumberExtension.swift */,
				B545C9851F13F0A0008F191F /* UIBarBUttonItemExtension.swift */,
				B545C9861F13F0A0008F191F /* UIColorExtension.swift */,
				B545C9871F13F0A0008F191F /* UIFontExtension.swift */,
				B545C9881F13F0A0008F191F /* UIImageExtension.swift */,
				B545C9891F13F0A0008F191F /* UINavigationControllerExtension.swift */,
				B545C98A1F13F0A0008F191F /* UIStackViewExtension.swift */,
				B545C98B1F13F0A0008F191F /* UITableViewCellExtension.swift */,
				B555F7911F3760390091838A /* EnumExtension.swift */,
				B545C98C1F13F0A0008F191F /* UITableViewExtension.swift */,
				B545C98D1F13F0A0008F191F /* UIViewControllerExtension.swift */,
				B545C98E1F13F0A0008F191F /* UIViewExtension.swift */,
				B5890A491F3622360046C18B /* OperationsExtension.swift */,
			);
			path = Extensions;
			sourceTree = "<group>";
		};
		B545C9A21F13F24E008F191F /* Frameworks */ = {
			isa = PBXGroup;
			children = (
				B5F8411E1F3F68BB00212E8A /* Charts.framework */,
				B5F8411A1F3F56D600212E8A /* ScrollableGraphView.framework */,
				B555F79D1F3767050091838A /* AlamofireImage.framework */,
				B55F20E61F371B9F00770410 /* Fabric.framework */,
				B55F20E71F371B9F00770410 /* Crashlytics.framework */,
				B5890A511F362EA00046C18B /* Whisper.framework */,
				B5890A4F1F362E900046C18B /* PSOperations.framework */,
				B5A91F671F2FC1C600C1B512 /* Hero.framework */,
				B545C9B61F13FCDC008F191F /* SwiftyJSON.framework */,
				B545C9A71F13F706008F191F /* Alamofire.framework */,
			);
			name = Frameworks;
			sourceTree = "<group>";
		};
		B545C9AA1F13F911008F191F /* Models */ = {
			isa = PBXGroup;
			children = (
				B5CBCB761F1741460060E2C1 /* Model.swift */,
				B555F7AF1F389AA40091838A /* Position.swift */,
				B5890A571F3641E50046C18B /* Participant.swift */,
				B5890A591F3642FE0046C18B /* Player.swift */,
				B5CBCB771F1741460060E2C1 /* Match.swift */,
				B5CBCB781F1741460060E2C1 /* Roster.swift */,
				B555F7B51F38CE860091838A /* Asset.swift */,
				B5CBCB791F1741460060E2C1 /* PrimaryData.swift */,
				B555F78F1F3749520091838A /* Item.swift */,
				B555F7A71F3871DD0091838A /* Action.swift */,
				B555F7A91F3872130091838A /* Actor.swift */,
				B555F7AB1F3872C20091838A /* Skin.swift */,
				B555F7B11F38A0530091838A /* Ability.swift */,
				B5F841201F3F93B100212E8A /* Side.swift */,
				B5F841221F40799E00212E8A /* HeroSwap.swift */,
			);
			path = Models;
			sourceTree = "<group>";
		};
		B5890A3F1F3617750046C18B /* Networking */ = {
			isa = PBXGroup;
			children = (
				B5890A5D1F3679DE0046C18B /* APIManager.swift */,
				B5890A5E1F3679DE0046C18B /* Router.swift */,
				B5890A401F3617750046C18B /* ErrorService.swift */,
				B5890A411F3617750046C18B /* NetworkObserver.swift */,
			);
			path = Networking;
			sourceTree = "<group>";
		};
		B5890A461F361E620046C18B /* Configuration */ = {
			isa = PBXGroup;
			children = (
				B5890A611F3679E70046C18B /* Constants.swift */,
				B5890A471F361E6C0046C18B /* TGColors.swift */,
				B5890A4D1F3622C40046C18B /* AppConfig.swift */,
				B5890A531F36301B0046C18B /* TGDates.swift */,
				B55F20E31F36BC6700770410 /* Catche.swift */,
			);
			path = Configuration;
			sourceTree = "<group>";
		};
/* End PBXGroup section */

/* Begin PBXNativeTarget section */
		B545C9631F13F03B008F191F /* TG */ = {
			isa = PBXNativeTarget;
			buildConfigurationList = B545C9761F13F03B008F191F /* Build configuration list for PBXNativeTarget "TG" */;
			buildPhases = (
				B545C9601F13F03B008F191F /* Sources */,
				B545C9611F13F03B008F191F /* Frameworks */,
				B545C9621F13F03B008F191F /* Resources */,
				B545C9A91F13F717008F191F /* Carthage */,
				B55F20E51F371B5600770410 /* Crashlytics */,
			);
			buildRules = (
			);
			dependencies = (
			);
			name = TG;
			productName = TG;
			productReference = B545C9641F13F03B008F191F /* TG.app */;
			productType = "com.apple.product-type.application";
		};
/* End PBXNativeTarget section */

/* Begin PBXProject section */
		B545C95C1F13F03B008F191F /* Project object */ = {
			isa = PBXProject;
			attributes = {
				LastSwiftUpdateCheck = 0830;
				LastUpgradeCheck = 0830;
				ORGANIZATIONNAME = ROLIQUE;
				TargetAttributes = {
					B545C9631F13F03B008F191F = {
						CreatedOnToolsVersion = 8.3.2;
						DevelopmentTeam = ZL58JZZ8KD;
						ProvisioningStyle = Automatic;
						SystemCapabilities = {
							com.apple.Push = {
								enabled = 1;
							};
						};
					};
				};
			};
			buildConfigurationList = B545C95F1F13F03B008F191F /* Build configuration list for PBXProject "TG" */;
			compatibilityVersion = "Xcode 3.2";
			developmentRegion = English;
			hasScannedForEncodings = 0;
			knownRegions = (
				en,
				Base,
			);
			mainGroup = B545C95B1F13F03B008F191F;
			productRefGroup = B545C9651F13F03B008F191F /* Products */;
			projectDirPath = "";
			projectRoot = "";
			targets = (
				B545C9631F13F03B008F191F /* TG */,
			);
		};
/* End PBXProject section */

/* Begin PBXResourcesBuildPhase section */
		B545C9621F13F03B008F191F /* Resources */ = {
			isa = PBXResourcesBuildPhase;
			buildActionMask = 2147483647;
			files = (
				B55F20D21F36872E00770410 /* RosterTableViewCell.xib in Resources */,
				B545C9721F13F03B008F191F /* LaunchScreen.storyboard in Resources */,
				B545C96F1F13F03B008F191F /* Assets.xcassets in Resources */,
				B555F7A21F376F820091838A /* UsedItemTableViewCell.xib in Resources */,
				B555F7A61F385C840091838A /* HeaderTableViewCell.xib in Resources */,
				B545C96D1F13F03B008F191F /* Main.storyboard in Resources */,
				B5F841191F3F0F3A00212E8A /* ParticipantCell.xib in Resources */,
				B5CBCB751F16D3560060E2C1 /* JSONModelTableViewCell.xib in Resources */,
				B5CBCB711F16BD250060E2C1 /* RosterView.xib in Resources */,
				B545C9911F13F0A0008F191F /* MatchTableViewCell.xib in Resources */,
				B555F7961F37613A0091838A /* ItemCollectionViewCell.xib in Resources */,
				B55F20D61F368C8600770410 /* ParticipantTableViewCell.xib in Resources */,
				B55F20E21F36A27700770410 /* PlayerTableViewCell.xib in Resources */,
			);
			runOnlyForDeploymentPostprocessing = 0;
		};
/* End PBXResourcesBuildPhase section */

/* Begin PBXShellScriptBuildPhase section */
		B545C9A91F13F717008F191F /* Carthage */ = {
			isa = PBXShellScriptBuildPhase;
			buildActionMask = 2147483647;
			files = (
			);
			inputPaths = (
				"$(SRCROOT)/Carthage/Build/iOS/Alamofire.framework",
				"$(SRCROOT)/Carthage/Build/iOS/SwiftyJSON.framework",
				"$(SRCROOT)/Carthage/Build/iOS/Hero.framework",
				"$(SRCROOT)/Carthage/Build/iOS/Whisper.framework",
				"$(SRCROOT)/Carthage/Build/iOS/PSOperations.framework",
				"$(SRCROOT)/Carthage/Build/iOS/AlamofireImage.framework",
				"$(SRCROOT)/Carthage/Build/iOS/ScrollableGraphView.framework",
				"$(SRCROOT)/Carthage/Build/iOS/Charts.framework",
			);
			name = Carthage;
			outputPaths = (
			);
			runOnlyForDeploymentPostprocessing = 0;
			shellPath = /bin/sh;
			shellScript = "/usr/local/bin/carthage copy-frameworks";
		};
		B55F20E51F371B5600770410 /* Crashlytics */ = {
			isa = PBXShellScriptBuildPhase;
			buildActionMask = 2147483647;
			files = (
			);
			inputPaths = (
			);
			name = Crashlytics;
			outputPaths = (
			);
			runOnlyForDeploymentPostprocessing = 0;
			shellPath = /bin/sh;
			shellScript = "./Fabric.framework/run 22909fdaa0f026e5f352d0365e3c845a7437eca8 2592b7472b5a416d03d6b9edc4235212cb75de70cb19ad1f71dd6e3b373684e0";
		};
/* End PBXShellScriptBuildPhase section */

/* Begin PBXSourcesBuildPhase section */
		B545C9601F13F03B008F191F /* Sources */ = {
			isa = PBXSourcesBuildPhase;
			buildActionMask = 2147483647;
			files = (
				B5890A581F3641E50046C18B /* Participant.swift in Sources */,
				B5890A621F3679E70046C18B /* Constants.swift in Sources */,
				B5E6094F1F196085001D4D58 /* NibLoadingView.swift in Sources */,
				B545C99D1F13F0A0008F191F /* UIStackViewExtension.swift in Sources */,
				B545C9971F13F0A0008F191F /* StringExtension.swift in Sources */,
				B545C9681F13F03B008F191F /* AppDelegate.swift in Sources */,
				B5CBCB741F16D3560060E2C1 /* JSONModelTableViewCell.swift in Sources */,
				B5F841181F3F0F3A00212E8A /* ParticipantCell.swift in Sources */,
				B537BC9B1F1401C80064E979 /* MatchesViewController.swift in Sources */,
				B5CBCB7B1F1741460060E2C1 /* Match.swift in Sources */,
				B5F841211F3F93B100212E8A /* Side.swift in Sources */,
				B5890A601F3679DE0046C18B /* Router.swift in Sources */,
				B5F841231F40799E00212E8A /* HeroSwap.swift in Sources */,
				B555F7901F3749520091838A /* Item.swift in Sources */,
				B55F20E11F36A27700770410 /* PlayerTableViewCell.swift in Sources */,
				B545C99C1F13F0A0008F191F /* UINavigationControllerExtension.swift in Sources */,
				B545C9961F13F0A0008F191F /* StoryboardExtension.swift in Sources */,
				B555F7921F3760390091838A /* EnumExtension.swift in Sources */,
				B545C9941F13F0A0008F191F /* ArrayExtension.swift in Sources */,
				B58AF60A1F3683C100E2F4BA /* RostersViewController.swift in Sources */,
				B555F7AA1F3872130091838A /* Actor.swift in Sources */,
				B545C9981F13F0A0008F191F /* UIBarBUttonItemExtension.swift in Sources */,
				B5890A5F1F3679DE0046C18B /* APIManager.swift in Sources */,
				B545C9A11F13F0A0008F191F /* UIViewExtension.swift in Sources */,
				B545C9951F13F0A0008F191F /* DateExtensions.swift in Sources */,
				B555F7B01F389AA40091838A /* Position.swift in Sources */,
				B5890A5A1F3642FE0046C18B /* Player.swift in Sources */,
				B5CBCB7C1F1741460060E2C1 /* Roster.swift in Sources */,
				B5890A541F36301B0046C18B /* TGDates.swift in Sources */,
				B5E6094D1F1957FF001D4D58 /* TableViewController.swift in Sources */,
				B555F7B21F38A0530091838A /* Ability.swift in Sources */,
				B55F20D81F369BE000770410 /* ParticipantDetailViewController.swift in Sources */,
				B55F20D11F36872E00770410 /* RosterTableViewCell.swift in Sources */,
				B545C99B1F13F0A0008F191F /* UIImageExtension.swift in Sources */,
				B545C9901F13F0A0008F191F /* MatchTableViewCell.swift in Sources */,
				B545C99E1F13F0A0008F191F /* UITableViewCellExtension.swift in Sources */,
				B555F7A51F385C840091838A /* HeaderTableViewCell.swift in Sources */,
				B5890A481F361E6C0046C18B /* TGColors.swift in Sources */,
				B5890A4A1F3622360046C18B /* OperationsExtension.swift in Sources */,
				B5890A421F3617750046C18B /* ErrorService.swift in Sources */,
				B5890A561F3637980046C18B /* NumberExtension.swift in Sources */,
				B5890A5C1F3679D60046C18B /* ViewController.swift in Sources */,
				B5890A431F3617750046C18B /* NetworkObserver.swift in Sources */,
				B55F20E41F36BC6700770410 /* Catche.swift in Sources */,
				B5CBCB7D1F1741460060E2C1 /* PrimaryData.swift in Sources */,
				B5890A4E1F3622C40046C18B /* AppConfig.swift in Sources */,
				B555F7951F37613A0091838A /* ItemCollectionViewCell.swift in Sources */,
				B555F7A11F376F820091838A /* UsedItemTableViewCell.swift in Sources */,
				B555F7A81F3871DD0091838A /* Action.swift in Sources */,
				B56CA9C61F38F3CF00BBF645 /* ParticipantTableViewCell.swift in Sources */,
				B5F8411D1F3F571600212E8A /* GraphViewController.swift in Sources */,
				B555F7B61F38CE860091838A /* Asset.swift in Sources */,
				B545C99F1F13F0A0008F191F /* UITableViewExtension.swift in Sources */,
				B555F7AC1F3872C20091838A /* Skin.swift in Sources */,
				B545C9A01F13F0A0008F191F /* UIViewControllerExtension.swift in Sources */,
				B5CBCB7A1F1741460060E2C1 /* Model.swift in Sources */,
				B5E609511F1960EA001D4D58 /* RosterView.swift in Sources */,
				B545C9991F13F0A0008F191F /* UIColorExtension.swift in Sources */,
				B545C99A1F13F0A0008F191F /* UIFontExtension.swift in Sources */,
			);
			runOnlyForDeploymentPostprocessing = 0;
		};
/* End PBXSourcesBuildPhase section */

/* Begin PBXVariantGroup section */
		B545C96B1F13F03B008F191F /* Main.storyboard */ = {
			isa = PBXVariantGroup;
			children = (
				B545C96C1F13F03B008F191F /* Base */,
			);
			name = Main.storyboard;
			sourceTree = "<group>";
		};
		B545C9701F13F03B008F191F /* LaunchScreen.storyboard */ = {
			isa = PBXVariantGroup;
			children = (
				B545C9711F13F03B008F191F /* Base */,
			);
			name = LaunchScreen.storyboard;
			sourceTree = "<group>";
		};
/* End PBXVariantGroup section */

/* Begin XCBuildConfiguration section */
		B545C9741F13F03B008F191F /* Debug */ = {
			isa = XCBuildConfiguration;
			buildSettings = {
				ALWAYS_SEARCH_USER_PATHS = NO;
				CLANG_ANALYZER_NONNULL = YES;
				CLANG_ANALYZER_NUMBER_OBJECT_CONVERSION = YES_AGGRESSIVE;
				CLANG_CXX_LANGUAGE_STANDARD = "gnu++0x";
				CLANG_CXX_LIBRARY = "libc++";
				CLANG_ENABLE_MODULES = YES;
				CLANG_ENABLE_OBJC_ARC = YES;
				CLANG_WARN_BOOL_CONVERSION = YES;
				CLANG_WARN_CONSTANT_CONVERSION = YES;
				CLANG_WARN_DIRECT_OBJC_ISA_USAGE = YES_ERROR;
				CLANG_WARN_DOCUMENTATION_COMMENTS = YES;
				CLANG_WARN_EMPTY_BODY = YES;
				CLANG_WARN_ENUM_CONVERSION = YES;
				CLANG_WARN_INFINITE_RECURSION = YES;
				CLANG_WARN_INT_CONVERSION = YES;
				CLANG_WARN_OBJC_ROOT_CLASS = YES_ERROR;
				CLANG_WARN_SUSPICIOUS_MOVE = YES;
				CLANG_WARN_UNREACHABLE_CODE = YES;
				CLANG_WARN__DUPLICATE_METHOD_MATCH = YES;
				"CODE_SIGN_IDENTITY[sdk=iphoneos*]" = "iPhone Developer";
				COPY_PHASE_STRIP = NO;
				DEBUG_INFORMATION_FORMAT = dwarf;
				ENABLE_STRICT_OBJC_MSGSEND = YES;
				ENABLE_TESTABILITY = YES;
				GCC_C_LANGUAGE_STANDARD = gnu99;
				GCC_DYNAMIC_NO_PIC = NO;
				GCC_NO_COMMON_BLOCKS = YES;
				GCC_OPTIMIZATION_LEVEL = 0;
				GCC_PREPROCESSOR_DEFINITIONS = (
					"DEBUG=1",
					"$(inherited)",
				);
				GCC_WARN_64_TO_32_BIT_CONVERSION = YES;
				GCC_WARN_ABOUT_RETURN_TYPE = YES_ERROR;
				GCC_WARN_UNDECLARED_SELECTOR = YES;
				GCC_WARN_UNINITIALIZED_AUTOS = YES_AGGRESSIVE;
				GCC_WARN_UNUSED_FUNCTION = YES;
				GCC_WARN_UNUSED_VARIABLE = YES;
				IPHONEOS_DEPLOYMENT_TARGET = 10.3;
				MTL_ENABLE_DEBUG_INFO = YES;
				ONLY_ACTIVE_ARCH = YES;
				SDKROOT = iphoneos;
				SWIFT_ACTIVE_COMPILATION_CONDITIONS = DEBUG;
				SWIFT_OPTIMIZATION_LEVEL = "-Onone";
				TARGETED_DEVICE_FAMILY = "1,2";
			};
			name = Debug;
		};
		B545C9751F13F03B008F191F /* Release */ = {
			isa = XCBuildConfiguration;
			buildSettings = {
				ALWAYS_SEARCH_USER_PATHS = NO;
				CLANG_ANALYZER_NONNULL = YES;
				CLANG_ANALYZER_NUMBER_OBJECT_CONVERSION = YES_AGGRESSIVE;
				CLANG_CXX_LANGUAGE_STANDARD = "gnu++0x";
				CLANG_CXX_LIBRARY = "libc++";
				CLANG_ENABLE_MODULES = YES;
				CLANG_ENABLE_OBJC_ARC = YES;
				CLANG_WARN_BOOL_CONVERSION = YES;
				CLANG_WARN_CONSTANT_CONVERSION = YES;
				CLANG_WARN_DIRECT_OBJC_ISA_USAGE = YES_ERROR;
				CLANG_WARN_DOCUMENTATION_COMMENTS = YES;
				CLANG_WARN_EMPTY_BODY = YES;
				CLANG_WARN_ENUM_CONVERSION = YES;
				CLANG_WARN_INFINITE_RECURSION = YES;
				CLANG_WARN_INT_CONVERSION = YES;
				CLANG_WARN_OBJC_ROOT_CLASS = YES_ERROR;
				CLANG_WARN_SUSPICIOUS_MOVE = YES;
				CLANG_WARN_UNREACHABLE_CODE = YES;
				CLANG_WARN__DUPLICATE_METHOD_MATCH = YES;
				"CODE_SIGN_IDENTITY[sdk=iphoneos*]" = "iPhone Developer";
				COPY_PHASE_STRIP = NO;
				DEBUG_INFORMATION_FORMAT = "dwarf-with-dsym";
				ENABLE_NS_ASSERTIONS = NO;
				ENABLE_STRICT_OBJC_MSGSEND = YES;
				GCC_C_LANGUAGE_STANDARD = gnu99;
				GCC_NO_COMMON_BLOCKS = YES;
				GCC_WARN_64_TO_32_BIT_CONVERSION = YES;
				GCC_WARN_ABOUT_RETURN_TYPE = YES_ERROR;
				GCC_WARN_UNDECLARED_SELECTOR = YES;
				GCC_WARN_UNINITIALIZED_AUTOS = YES_AGGRESSIVE;
				GCC_WARN_UNUSED_FUNCTION = YES;
				GCC_WARN_UNUSED_VARIABLE = YES;
				IPHONEOS_DEPLOYMENT_TARGET = 10.3;
				MTL_ENABLE_DEBUG_INFO = NO;
				SDKROOT = iphoneos;
				SWIFT_OPTIMIZATION_LEVEL = "-Owholemodule";
				TARGETED_DEVICE_FAMILY = "1,2";
				VALIDATE_PRODUCT = YES;
			};
			name = Release;
		};
		B545C9771F13F03B008F191F /* Debug */ = {
			isa = XCBuildConfiguration;
			buildSettings = {
				ASSETCATALOG_COMPILER_APPICON_NAME = AppIcon;
				CODE_SIGN_ENTITLEMENTS = TG/TG.entitlements;
				"CODE_SIGN_IDENTITY[sdk=iphoneos*]" = "iPhone Developer";
				DEVELOPMENT_TEAM = ZL58JZZ8KD;
				FRAMEWORK_SEARCH_PATHS = (
					"$(inherited)",
					"$(PROJECT_DIR)/Carthage/Build/iOS",
					"$(PROJECT_DIR)",
				);
				INFOPLIST_FILE = TG/Info.plist;
				IPHONEOS_DEPLOYMENT_TARGET = 9.0;
				LD_RUNPATH_SEARCH_PATHS = "$(inherited) @executable_path/Frameworks";
				PRODUCT_BUNDLE_IDENTIFIER = io.rolique.TG;
				PRODUCT_NAME = "$(TARGET_NAME)";
				PROVISIONING_PROFILE = "";
				PROVISIONING_PROFILE_SPECIFIER = "";
				SWIFT_VERSION = 3.0;
			};
			name = Debug;
		};
		B545C9781F13F03B008F191F /* Release */ = {
			isa = XCBuildConfiguration;
			buildSettings = {
				ASSETCATALOG_COMPILER_APPICON_NAME = AppIcon;
				CODE_SIGN_ENTITLEMENTS = TG/TG.entitlements;
				"CODE_SIGN_IDENTITY[sdk=iphoneos*]" = "iPhone Developer";
				DEVELOPMENT_TEAM = ZL58JZZ8KD;
				FRAMEWORK_SEARCH_PATHS = (
					"$(inherited)",
					"$(PROJECT_DIR)/Carthage/Build/iOS",
					"$(PROJECT_DIR)",
				);
				INFOPLIST_FILE = TG/Info.plist;
				IPHONEOS_DEPLOYMENT_TARGET = 9.0;
				LD_RUNPATH_SEARCH_PATHS = "$(inherited) @executable_path/Frameworks";
				PRODUCT_BUNDLE_IDENTIFIER = io.rolique.TG;
				PRODUCT_NAME = "$(TARGET_NAME)";
				PROVISIONING_PROFILE = "";
				PROVISIONING_PROFILE_SPECIFIER = "";
				SWIFT_VERSION = 3.0;
			};
			name = Release;
		};
/* End XCBuildConfiguration section */

/* Begin XCConfigurationList section */
		B545C95F1F13F03B008F191F /* Build configuration list for PBXProject "TG" */ = {
			isa = XCConfigurationList;
			buildConfigurations = (
				B545C9741F13F03B008F191F /* Debug */,
				B545C9751F13F03B008F191F /* Release */,
			);
			defaultConfigurationIsVisible = 0;
			defaultConfigurationName = Release;
		};
		B545C9761F13F03B008F191F /* Build configuration list for PBXNativeTarget "TG" */ = {
			isa = XCConfigurationList;
			buildConfigurations = (
				B545C9771F13F03B008F191F /* Debug */,
				B545C9781F13F03B008F191F /* Release */,
			);
			defaultConfigurationIsVisible = 0;
			defaultConfigurationName = Release;
		};
/* End XCConfigurationList section */
	};
	rootObject = B545C95C1F13F03B008F191F /* Project object */;
}
